
Microsoft Visual Studio Solution File, Format Version 12.00
# Visual Studio 15
VisualStudioVersion = 15.0.27428.2005
MinimumVisualStudioVersion = 10.0.40219.1
Project("{FAE04EC0-301F-11D3-BF4B-00C04F79EFBC}") = "EVE_Bot", "EVE_Bot\EVE_Bot.csproj", "{AB995A60-0127-41A9-8196-16EEF0623743}"
EndProject
Global
	GlobalSection(SolutionConfigurationPlatforms) = preSolution
		Debug|Any CPU = Debug|Any CPU
		Release|Any CPU = Release|Any CPU
	EndGlobalSection
	GlobalSection(ProjectConfigurationPlatforms) = postSolution
		{AB995A60-0127-41A9-8196-16EEF0623743}.Debug|Any CPU.ActiveCfg = Debug|Any CPU
		{AB995A60-0127-41A9-8196-16EEF0623743}.Debug|Any CPU.Build.0 = Debug|Any CPU
		{AB995A60-0127-41A9-8196-16EEF0623743}.Release|Any CPU.ActiveCfg = Release|Any CPU
		{AB995A60-0127-41A9-8196-16EEF0623743}.Release|Any CPU.Build.0 = Release|Any CPU
	EndGlobalSection
	GlobalSection(SolutionProperties) = preSolution
		HideSolutionNode = FALSE
	EndGlobalSection
	GlobalSection(ExtensibilityGlobals) = postSolution
		SolutionGuid = {7E5355C4-32DD-44FE-A10D-C03D70C7E45E}
	EndGlobalSection
EndGlobal
